
Microsoft Visual Studio Solution File, Format Version 12.00
Project("{2150E333-8FDC-42A3-9474-1A3956D46DE8}") = "Aspire", "Aspire", "{BA7AE74C-69CE-4469-95A4-59AEB4E187FE}"
EndProject
Project("{2150E333-8FDC-42A3-9474-1A3956D46DE8}") = "Company", "Company", "{627453AB-D968-4970-BB9A-E04D40130DCF}"
EndProject
Project("{FAE04EC0-301F-11D3-BF4B-00C04F79EFBC}") = "ProperTea.Company.Domain", "ProperTea.Company\ProperTea.Company.Domain\ProperTea.Company.Domain.csproj", "{2813E7DA-A22C-43AE-B26A-1E6C638D8940}"
EndProject
Project("{2150E333-8FDC-42A3-9474-1A3956D46DE8}") = "Shared", "Shared", "{6F5D3E70-ED68-4003-8DAC-C9F44FF16F60}"
EndProject
Project("{FAE04EC0-301F-11D3-BF4B-00C04F79EFBC}") = "ProperTea.Company.Application", "ProperTea.Company\ProperTea.Company.Application\ProperTea.Company.Application.csproj", "{8DA011D3-9C90-4327-93DE-BD82D6A50333}"
EndProject
Project("{FAE04EC0-301F-11D3-BF4B-00C04F79EFBC}") = "ProperTea.Company.Infrastructure", "ProperTea.Company\ProperTea.Company.Infrastructure\ProperTea.Company.Infrastructure.csproj", "{3346F419-E5CA-47D8-BBE5-D8B6534BF173}"
EndProject
Project("{FAE04EC0-301F-11D3-BF4B-00C04F79EFBC}") = "ProperTea.Company.Api", "ProperTea.Company\ProperTea.Company.Api\ProperTea.Company.Api.csproj", "{A8E76893-0D88-49B3-9DEB-5309825C42D1}"
EndProject
Project("{FAE04EC0-301F-11D3-BF4B-00C04F79EFBC}") = "ProperTea.Server.AppHost", "Aspire\ProperTea.Server.AppHost\ProperTea.Server.AppHost.csproj", "{D1D4CE42-D4D8-4D48-9670-25D586CDEF33}"
EndProject
Project("{FAE04EC0-301F-11D3-BF4B-00C04F79EFBC}") = "ProperTea.Shared.ServiceDefaults", "Shared\ProperTea.Shared.ServiceDefaults\ProperTea.Shared.ServiceDefaults.csproj", "{2F979706-C7EA-4D09-BC0A-E1F6AB3E3DEA}"
EndProject
Project("{FAE04EC0-301F-11D3-BF4B-00C04F79EFBC}") = "ProperTea.Company.MigrationService", "ProperTea.Company\ProperTea.Company.MigrationService\ProperTea.Company.MigrationService.csproj", "{C5DAC26C-19D9-4498-B208-CE7C605B93A7}"
EndProject
Project("{2150E333-8FDC-42A3-9474-1A3956D46DE8}") = "SystemOwner", "SystemOwner", "{1F373773-B0A7-48C9-A8AB-C2EF7A1C6C7C}"
EndProject
Project("{FAE04EC0-301F-11D3-BF4B-00C04F79EFBC}") = "ProperTea.SystemOwner.Api", "ProperTea.SystemOwner\ProperTea.SystemOwner.Api\ProperTea.SystemOwner.Api.csproj", "{FD6C0ECF-5AB9-4B4A-96C7-41F73C6D5BC2}"
EndProject
Project("{2150E333-8FDC-42A3-9474-1A3956D46DE8}") = "Identity", "Identity", "{2BA67E17-BC6D-48B0-B398-1CFE23B76116}"
EndProject
Project("{2150E333-8FDC-42A3-9474-1A3956D46DE8}") = "SystemUser", "SystemUser", "{FD5B755B-D4A7-4A13-AE80-7B0E0D073593}"
EndProject
Project("{FAE04EC0-301F-11D3-BF4B-00C04F79EFBC}") = "ProperTea.SystemUser.Api", "ProperTea.SystemUser\ProperTea.SystemUser.Api\ProperTea.SystemUser.Api.csproj", "{321AEF44-81C1-4BA0-B76B-AD2D953F31F6}"
EndProject
Project("{FAE04EC0-301F-11D3-BF4B-00C04F79EFBC}") = "ProperTea.Identity.Api", "ProperTea.Identity\ProperTea.Identity.Api\ProperTea.Identity.Api.csproj", "{0DAD21E0-95A0-4059-8CDA-EEFA125BDDFD}"
EndProject
Project("{FAE04EC0-301F-11D3-BF4B-00C04F79EFBC}") = "ProperTea.Shared.Domain", "Shared\ProperTea.Shared.Domain\ProperTea.Shared.Domain.csproj", "{A75690AB-F160-47CB-B52C-7289EF356DDD}"
EndProject
Project("{FAE04EC0-301F-11D3-BF4B-00C04F79EFBC}") = "ProperTea.Shared.Application", "Shared\ProperTea.Shared.Application\ProperTea.Shared.Application.csproj", "{DA05DBE3-A346-468D-897E-BB3E957346D9}"
EndProject
Project("{FAE04EC0-301F-11D3-BF4B-00C04F79EFBC}") = "ProperTea.Shared.Infrastructure", "Shared\ProperTea.Shared.Infrastructure\ProperTea.Shared.Infrastructure.csproj", "{63467719-D809-4B8D-9F98-1F7AF4682AF8}"
EndProject
Project("{FAE04EC0-301F-11D3-BF4B-00C04F79EFBC}") = "ProperTea.Shared.Api", "Shared\ProperTea.Shared.Api\ProperTea.Shared.Api.csproj", "{22E7DDCC-06E0-47CD-BAF5-0528AE37C407}"
EndProject
Global
	GlobalSection(SolutionConfigurationPlatforms) = preSolution
		Debug|Any CPU = Debug|Any CPU
		Release|Any CPU = Release|Any CPU
	EndGlobalSection
	GlobalSection(NestedProjects) = preSolution
		{2813E7DA-A22C-43AE-B26A-1E6C638D8940} = {627453AB-D968-4970-BB9A-E04D40130DCF}
		{8DA011D3-9C90-4327-93DE-BD82D6A50333} = {627453AB-D968-4970-BB9A-E04D40130DCF}
		{3346F419-E5CA-47D8-BBE5-D8B6534BF173} = {627453AB-D968-4970-BB9A-E04D40130DCF}
		{A8E76893-0D88-49B3-9DEB-5309825C42D1} = {627453AB-D968-4970-BB9A-E04D40130DCF}
		{D1D4CE42-D4D8-4D48-9670-25D586CDEF33} = {BA7AE74C-69CE-4469-95A4-59AEB4E187FE}
		{2F979706-C7EA-4D09-BC0A-E1F6AB3E3DEA} = {6F5D3E70-ED68-4003-8DAC-C9F44FF16F60}
		{C5DAC26C-19D9-4498-B208-CE7C605B93A7} = {627453AB-D968-4970-BB9A-E04D40130DCF}
		{FD6C0ECF-5AB9-4B4A-96C7-41F73C6D5BC2} = {1F373773-B0A7-48C9-A8AB-C2EF7A1C6C7C}
		{321AEF44-81C1-4BA0-B76B-AD2D953F31F6} = {FD5B755B-D4A7-4A13-AE80-7B0E0D073593}
		{0DAD21E0-95A0-4059-8CDA-EEFA125BDDFD} = {2BA67E17-BC6D-48B0-B398-1CFE23B76116}
		{A75690AB-F160-47CB-B52C-7289EF356DDD} = {6F5D3E70-ED68-4003-8DAC-C9F44FF16F60}
		{DA05DBE3-A346-468D-897E-BB3E957346D9} = {6F5D3E70-ED68-4003-8DAC-C9F44FF16F60}
		{63467719-D809-4B8D-9F98-1F7AF4682AF8} = {6F5D3E70-ED68-4003-8DAC-C9F44FF16F60}
		{22E7DDCC-06E0-47CD-BAF5-0528AE37C407} = {6F5D3E70-ED68-4003-8DAC-C9F44FF16F60}
	EndGlobalSection
	GlobalSection(ProjectConfigurationPlatforms) = postSolution
		{2813E7DA-A22C-43AE-B26A-1E6C638D8940}.Debug|Any CPU.ActiveCfg = Debug|Any CPU
		{2813E7DA-A22C-43AE-B26A-1E6C638D8940}.Debug|Any CPU.Build.0 = Debug|Any CPU
		{2813E7DA-A22C-43AE-B26A-1E6C638D8940}.Release|Any CPU.ActiveCfg = Release|Any CPU
		{2813E7DA-A22C-43AE-B26A-1E6C638D8940}.Release|Any CPU.Build.0 = Release|Any CPU
		{8DA011D3-9C90-4327-93DE-BD82D6A50333}.Debug|Any CPU.ActiveCfg = Debug|Any CPU
		{8DA011D3-9C90-4327-93DE-BD82D6A50333}.Debug|Any CPU.Build.0 = Debug|Any CPU
		{8DA011D3-9C90-4327-93DE-BD82D6A50333}.Release|Any CPU.ActiveCfg = Release|Any CPU
		{8DA011D3-9C90-4327-93DE-BD82D6A50333}.Release|Any CPU.Build.0 = Release|Any CPU
		{3346F419-E5CA-47D8-BBE5-D8B6534BF173}.Debug|Any CPU.ActiveCfg = Debug|Any CPU
		{3346F419-E5CA-47D8-BBE5-D8B6534BF173}.Debug|Any CPU.Build.0 = Debug|Any CPU
		{3346F419-E5CA-47D8-BBE5-D8B6534BF173}.Release|Any CPU.ActiveCfg = Release|Any CPU
		{3346F419-E5CA-47D8-BBE5-D8B6534BF173}.Release|Any CPU.Build.0 = Release|Any CPU
		{A8E76893-0D88-49B3-9DEB-5309825C42D1}.Debug|Any CPU.ActiveCfg = Debug|Any CPU
		{A8E76893-0D88-49B3-9DEB-5309825C42D1}.Debug|Any CPU.Build.0 = Debug|Any CPU
		{A8E76893-0D88-49B3-9DEB-5309825C42D1}.Release|Any CPU.ActiveCfg = Release|Any CPU
		{A8E76893-0D88-49B3-9DEB-5309825C42D1}.Release|Any CPU.Build.0 = Release|Any CPU
		{D1D4CE42-D4D8-4D48-9670-25D586CDEF33}.Debug|Any CPU.ActiveCfg = Debug|Any CPU
		{D1D4CE42-D4D8-4D48-9670-25D586CDEF33}.Debug|Any CPU.Build.0 = Debug|Any CPU
		{D1D4CE42-D4D8-4D48-9670-25D586CDEF33}.Release|Any CPU.ActiveCfg = Release|Any CPU
		{D1D4CE42-D4D8-4D48-9670-25D586CDEF33}.Release|Any CPU.Build.0 = Release|Any CPU
		{2F979706-C7EA-4D09-BC0A-E1F6AB3E3DEA}.Debug|Any CPU.ActiveCfg = Debug|Any CPU
		{2F979706-C7EA-4D09-BC0A-E1F6AB3E3DEA}.Debug|Any CPU.Build.0 = Debug|Any CPU
		{2F979706-C7EA-4D09-BC0A-E1F6AB3E3DEA}.Release|Any CPU.ActiveCfg = Release|Any CPU
		{2F979706-C7EA-4D09-BC0A-E1F6AB3E3DEA}.Release|Any CPU.Build.0 = Release|Any CPU
		{C5DAC26C-19D9-4498-B208-CE7C605B93A7}.Debug|Any CPU.ActiveCfg = Debug|Any CPU
		{C5DAC26C-19D9-4498-B208-CE7C605B93A7}.Debug|Any CPU.Build.0 = Debug|Any CPU
		{C5DAC26C-19D9-4498-B208-CE7C605B93A7}.Release|Any CPU.ActiveCfg = Release|Any CPU
		{C5DAC26C-19D9-4498-B208-CE7C605B93A7}.Release|Any CPU.Build.0 = Release|Any CPU
		{FD6C0ECF-5AB9-4B4A-96C7-41F73C6D5BC2}.Debug|Any CPU.ActiveCfg = Debug|Any CPU
		{FD6C0ECF-5AB9-4B4A-96C7-41F73C6D5BC2}.Debug|Any CPU.Build.0 = Debug|Any CPU
		{FD6C0ECF-5AB9-4B4A-96C7-41F73C6D5BC2}.Release|Any CPU.ActiveCfg = Release|Any CPU
		{FD6C0ECF-5AB9-4B4A-96C7-41F73C6D5BC2}.Release|Any CPU.Build.0 = Release|Any CPU
		{321AEF44-81C1-4BA0-B76B-AD2D953F31F6}.Debug|Any CPU.ActiveCfg = Debug|Any CPU
		{321AEF44-81C1-4BA0-B76B-AD2D953F31F6}.Debug|Any CPU.Build.0 = Debug|Any CPU
		{321AEF44-81C1-4BA0-B76B-AD2D953F31F6}.Release|Any CPU.ActiveCfg = Release|Any CPU
		{321AEF44-81C1-4BA0-B76B-AD2D953F31F6}.Release|Any CPU.Build.0 = Release|Any CPU
		{0DAD21E0-95A0-4059-8CDA-EEFA125BDDFD}.Debug|Any CPU.ActiveCfg = Debug|Any CPU
		{0DAD21E0-95A0-4059-8CDA-EEFA125BDDFD}.Debug|Any CPU.Build.0 = Debug|Any CPU
		{0DAD21E0-95A0-4059-8CDA-EEFA125BDDFD}.Release|Any CPU.ActiveCfg = Release|Any CPU
		{0DAD21E0-95A0-4059-8CDA-EEFA125BDDFD}.Release|Any CPU.Build.0 = Release|Any CPU
		{A75690AB-F160-47CB-B52C-7289EF356DDD}.Debug|Any CPU.ActiveCfg = Debug|Any CPU
		{A75690AB-F160-47CB-B52C-7289EF356DDD}.Debug|Any CPU.Build.0 = Debug|Any CPU
		{A75690AB-F160-47CB-B52C-7289EF356DDD}.Release|Any CPU.ActiveCfg = Release|Any CPU
		{A75690AB-F160-47CB-B52C-7289EF356DDD}.Release|Any CPU.Build.0 = Release|Any CPU
		{DA05DBE3-A346-468D-897E-BB3E957346D9}.Debug|Any CPU.ActiveCfg = Debug|Any CPU
		{DA05DBE3-A346-468D-897E-BB3E957346D9}.Debug|Any CPU.Build.0 = Debug|Any CPU
		{DA05DBE3-A346-468D-897E-BB3E957346D9}.Release|Any CPU.ActiveCfg = Release|Any CPU
		{DA05DBE3-A346-468D-897E-BB3E957346D9}.Release|Any CPU.Build.0 = Release|Any CPU
		{63467719-D809-4B8D-9F98-1F7AF4682AF8}.Debug|Any CPU.ActiveCfg = Debug|Any CPU
		{63467719-D809-4B8D-9F98-1F7AF4682AF8}.Debug|Any CPU.Build.0 = Debug|Any CPU
		{63467719-D809-4B8D-9F98-1F7AF4682AF8}.Release|Any CPU.ActiveCfg = Release|Any CPU
		{63467719-D809-4B8D-9F98-1F7AF4682AF8}.Release|Any CPU.Build.0 = Release|Any CPU
		{22E7DDCC-06E0-47CD-BAF5-0528AE37C407}.Debug|Any CPU.ActiveCfg = Debug|Any CPU
		{22E7DDCC-06E0-47CD-BAF5-0528AE37C407}.Debug|Any CPU.Build.0 = Debug|Any CPU
		{22E7DDCC-06E0-47CD-BAF5-0528AE37C407}.Release|Any CPU.ActiveCfg = Release|Any CPU
		{22E7DDCC-06E0-47CD-BAF5-0528AE37C407}.Release|Any CPU.Build.0 = Release|Any CPU
	EndGlobalSection
EndGlobal
