
Microsoft Visual Studio Solution File, Format Version 12.00
# Visual Studio Version 17
VisualStudioVersion = 17.0.31903.59
MinimumVisualStudioVersion = 10.0.40219.1
Project("{FAE04EC0-301F-11D3-BF4B-00C04F79EFBC}") = "ProperTea.Company.Api", "ProperTea.Company.Api\ProperTea.Company.Api.csproj", "{7718BB96-8598-48A8-8AC7-D090F697DF2B}"
EndProject
Project("{FAE04EC0-301F-11D3-BF4B-00C04F79EFBC}") = "ProperTea.Company.Domain", "ProperTea.Company.Domain\ProperTea.Company.Domain.csproj", "{779BBBA2-670D-4B93-A662-231BE2CA1AB2}"
EndProject
Project("{FAE04EC0-301F-11D3-BF4B-00C04F79EFBC}") = "ProperTea.Company.Infrastructure", "ProperTea.Company.Infrastructure\ProperTea.Company.Infrastructure.csproj", "{BF4840FB-AC49-4FF4-93A6-24B9D910DFCD}"
EndProject
Global
	GlobalSection(SolutionConfigurationPlatforms) = preSolution
		Debug|Any CPU = Debug|Any CPU
		Release|Any CPU = Release|Any CPU
	EndGlobalSection
	GlobalSection(SolutionProperties) = preSolution
		HideSolutionNode = FALSE
	EndGlobalSection
	GlobalSection(ProjectConfigurationPlatforms) = postSolution
		{7718BB96-8598-48A8-8AC7-D090F697DF2B}.Debug|Any CPU.ActiveCfg = Debug|Any CPU
		{7718BB96-8598-48A8-8AC7-D090F697DF2B}.Debug|Any CPU.Build.0 = Debug|Any CPU
		{7718BB96-8598-48A8-8AC7-D090F697DF2B}.Release|Any CPU.ActiveCfg = Release|Any CPU
		{7718BB96-8598-48A8-8AC7-D090F697DF2B}.Release|Any CPU.Build.0 = Release|Any CPU
		{779BBBA2-670D-4B93-A662-231BE2CA1AB2}.Debug|Any CPU.ActiveCfg = Debug|Any CPU
		{779BBBA2-670D-4B93-A662-231BE2CA1AB2}.Debug|Any CPU.Build.0 = Debug|Any CPU
		{779BBBA2-670D-4B93-A662-231BE2CA1AB2}.Release|Any CPU.ActiveCfg = Release|Any CPU
		{779BBBA2-670D-4B93-A662-231BE2CA1AB2}.Release|Any CPU.Build.0 = Release|Any CPU
		{BF4840FB-AC49-4FF4-93A6-24B9D910DFCD}.Debug|Any CPU.ActiveCfg = Debug|Any CPU
		{BF4840FB-AC49-4FF4-93A6-24B9D910DFCD}.Debug|Any CPU.Build.0 = Debug|Any CPU
		{BF4840FB-AC49-4FF4-93A6-24B9D910DFCD}.Release|Any CPU.ActiveCfg = Release|Any CPU
		{BF4840FB-AC49-4FF4-93A6-24B9D910DFCD}.Release|Any CPU.Build.0 = Release|Any CPU
	EndGlobalSection
	GlobalSection(NestedProjects) = preSolution
		{7718BB96-8598-48A8-8AC7-D090F697DF2B} = {677D4184-6C9B-4EBB-90B6-2F6547849B0E}
		{779BBBA2-670D-4B93-A662-231BE2CA1AB2} = {677D4184-6C9B-4EBB-90B6-2F6547849B0E}
		{BF4840FB-AC49-4FF4-93A6-24B9D910DFCD} = {677D4184-6C9B-4EBB-90B6-2F6547849B0E}
	EndGlobalSection
EndGlobal
